Microsoft Visual Studio Solution File, Format Version 12.00
# Visual Studio Version 17
VisualStudioVersion = 17.5.2.0
MinimumVisualStudioVersion = 10.0.40219.1
Project("{FAE04EC0-301F-11D3-BF4B-00C04F79EFBC}") = "PublicHolidaysApp", "PublicHolidaysApp.csproj", "{BD0EDB23-1B40-C306-3420-7994D6FD65B9}"
EndProject
Global
	GlobalSection(SolutionConfigurationPlatforms) = preSolution
		Debug|Any CPU = Debug|Any CPU
		Release|Any CPU = Release|Any CPU
	EndGlobalSection
	GlobalSection(ProjectConfigurationPlatforms) = postSolution
		{BD0EDB23-1B40-C306-3420-7994D6FD65B9}.Debug|Any CPU.ActiveCfg = Debug|Any CPU
		{BD0EDB23-1B40-C306-3420-7994D6FD65B9}.Debug|Any CPU.Build.0 = Debug|Any CPU
		{BD0EDB23-1B40-C306-3420-7994D6FD65B9}.Release|Any CPU.ActiveCfg = Release|Any CPU
		{BD0EDB23-1B40-C306-3420-7994D6FD65B9}.Release|Any CPU.Build.0 = Release|Any CPU
	EndGlobalSection
	GlobalSection(SolutionProperties) = preSolution
		HideSolutionNode = FALSE
	EndGlobalSection
	GlobalSection(ExtensibilityGlobals) = postSolution
		SolutionGuid = {64C272C7-0BC7-443D-9A59-8D235A21BE0C}
	EndGlobalSection
EndGlobal
